
Microsoft Visual Studio Solution File, Format Version 12.00
Project("{FAE04EC0-301F-11D3-BF4B-00C04F79EFBC}") = "Monitoring", "Monitoring\Monitoring.csproj", "{7E3B44B1-FE09-49FB-A17A-4BC53B6596D4}"
EndProject
Project("{FAE04EC0-301F-11D3-BF4B-00C04F79EFBC}") = "ChatServer", "ChatServer\ChatServer.csproj", "{24CAF319-4B9F-4E49-B272-19A22BF0565E}"
EndProject
Project("{FAE04EC0-301F-11D3-BF4B-00C04F79EFBC}") = "ChatClient", "ChatClient\ChatClient.csproj", "{0503891D-676C-45E8-9A59-BB7CAEB71335}"
EndProject
Project("{FAE04EC0-301F-11D3-BF4B-00C04F79EFBC}") = "SSDExam.Authentication", "SSDExam.Authentication\SSDExam.Authentication.csproj", "{5D2B7CC5-A1ED-4EDF-9918-D7F33A567717}"
EndProject
Project("{FAE04EC0-301F-11D3-BF4B-00C04F79EFBC}") = "TestAuth", "TestAuth\TestAuth.csproj", "{AD37AC2F-46AA-4EB8-8C79-597C0F7754E7}"
EndProject
Global
	GlobalSection(SolutionConfigurationPlatforms) = preSolution
		Debug|Any CPU = Debug|Any CPU
		Release|Any CPU = Release|Any CPU
	EndGlobalSection
	GlobalSection(ProjectConfigurationPlatforms) = postSolution
		{7E3B44B1-FE09-49FB-A17A-4BC53B6596D4}.Debug|Any CPU.ActiveCfg = Debug|Any CPU
		{7E3B44B1-FE09-49FB-A17A-4BC53B6596D4}.Debug|Any CPU.Build.0 = Debug|Any CPU
		{7E3B44B1-FE09-49FB-A17A-4BC53B6596D4}.Release|Any CPU.ActiveCfg = Release|Any CPU
		{7E3B44B1-FE09-49FB-A17A-4BC53B6596D4}.Release|Any CPU.Build.0 = Release|Any CPU
		{24CAF319-4B9F-4E49-B272-19A22BF0565E}.Debug|Any CPU.ActiveCfg = Debug|Any CPU
		{24CAF319-4B9F-4E49-B272-19A22BF0565E}.Debug|Any CPU.Build.0 = Debug|Any CPU
		{24CAF319-4B9F-4E49-B272-19A22BF0565E}.Release|Any CPU.ActiveCfg = Release|Any CPU
		{24CAF319-4B9F-4E49-B272-19A22BF0565E}.Release|Any CPU.Build.0 = Release|Any CPU
		{0503891D-676C-45E8-9A59-BB7CAEB71335}.Debug|Any CPU.ActiveCfg = Debug|Any CPU
		{0503891D-676C-45E8-9A59-BB7CAEB71335}.Debug|Any CPU.Build.0 = Debug|Any CPU
		{0503891D-676C-45E8-9A59-BB7CAEB71335}.Release|Any CPU.ActiveCfg = Release|Any CPU
		{0503891D-676C-45E8-9A59-BB7CAEB71335}.Release|Any CPU.Build.0 = Release|Any CPU
		{5D2B7CC5-A1ED-4EDF-9918-D7F33A567717}.Debug|Any CPU.ActiveCfg = Debug|Any CPU
		{5D2B7CC5-A1ED-4EDF-9918-D7F33A567717}.Debug|Any CPU.Build.0 = Debug|Any CPU
		{5D2B7CC5-A1ED-4EDF-9918-D7F33A567717}.Release|Any CPU.ActiveCfg = Release|Any CPU
		{5D2B7CC5-A1ED-4EDF-9918-D7F33A567717}.Release|Any CPU.Build.0 = Release|Any CPU
		{AD37AC2F-46AA-4EB8-8C79-597C0F7754E7}.Debug|Any CPU.ActiveCfg = Debug|Any CPU
		{AD37AC2F-46AA-4EB8-8C79-597C0F7754E7}.Debug|Any CPU.Build.0 = Debug|Any CPU
		{AD37AC2F-46AA-4EB8-8C79-597C0F7754E7}.Release|Any CPU.ActiveCfg = Release|Any CPU
		{AD37AC2F-46AA-4EB8-8C79-597C0F7754E7}.Release|Any CPU.Build.0 = Release|Any CPU
	EndGlobalSection
EndGlobal
